{
  "nodes": {
    "bankshot": {
      "inputs": {
        "flake-utils": [
          "flake-utils"
        ],
        "nixpkgs": [
          "nixpkgs-unstable"
        ]
      },
      "locked": {
        "lastModified": 1771192647,
        "narHash": "sha256-f8jW3PHJTItNB+3pkz2cnbu0g3n6JgpISgKEm7vZ71s=",
        "owner": "phinze",
        "repo": "bankshot",
        "rev": "bd414c85a51f6e9b0c35efff716e9eaa51d54e02",
        "type": "github"
      },
      "original": {
        "owner": "phinze",
        "repo": "bankshot",
        "type": "github"
      }
    },
    "camlink-fix": {
      "inputs": {
        "flake-utils": [
          "flake-utils"
        ],
        "nixpkgs": [
          "nixpkgs-unstable"
        ]
      },
      "locked": {
        "lastModified": 1771348226,
        "narHash": "sha256-2YI3Ir/dgwAXF9hCOSfarfN9GiHIPghk6sl3iyhA4Lk=",
        "owner": "phinze",
        "repo": "camlink-fix",
        "rev": "4d864bcbce023cb697295910261595afe0569a4b",
        "type": "github"
      },
      "original": {
        "owner": "phinze",
        "repo": "camlink-fix",
        "type": "github"
      }
    },
    "claude-code-nix": {
      "inputs": {
        "flake-utils": "flake-utils",
        "nixpkgs": [
          "nixpkgs-unstable"
        ]
      },
      "locked": {
        "lastModified": 1770315205,
        "narHash": "sha256-yOYprNUvMHRBC7EfmhNOYYLqNm43cLtydV39ITnCfZk=",
        "owner": "sadjow",
        "repo": "claude-code-nix",
        "rev": "b774ffcdcd9987f4a2e6e3809130d04438e29a13",
        "type": "github"
      },
      "original": {
        "owner": "sadjow",
        "repo": "claude-code-nix",
        "type": "github"
      }
    },
    "claude-desktop": {
      "inputs": {
        "flake-utils": [
          "flake-utils"
        ],
        "nixpkgs": [
          "nixpkgs-unstable"
        ]
      },
      "locked": {
        "lastModified": 1754849972,
        "narHash": "sha256-MwUZdAuf0t23H2Isyfqv1gRGk22HM4aBq1UN7XCO9pc=",
        "owner": "phinze",
        "repo": "claude-desktop-linux-flake",
        "rev": "8223959c201b285b15d3b9e0b5f4ac4350ccd8b0",
        "type": "github"
      },
      "original": {
        "owner": "phinze",
        "ref": "fix-fhs-desktop-file",
        "repo": "claude-desktop-linux-flake",
        "type": "github"
      }
    },
    "claude-plugin-coderabbit": {
      "flake": false,
      "locked": {
        "lastModified": 1770200314,
        "narHash": "sha256-GRjokMfLW2HGGHXiS8EjIOoPaAoHJXNUBppW9dun6H8=",
        "owner": "coderabbitai",
        "repo": "claude-plugin",
        "rev": "51651e86d8d71e150e13313f43298f212abb47db",
        "type": "github"
      },
      "original": {
        "owner": "coderabbitai",
        "repo": "claude-plugin",
        "type": "github"
      }
    },
    "claude-plugins-official": {
      "flake": false,
      "locked": {
        "lastModified": 1770411596,
        "narHash": "sha256-n/FxQMp1a26YwZgIdd0uglJa68PCycrztdqVqAjplIo=",
        "owner": "anthropics",
        "repo": "claude-plugins-official",
        "rev": "92ece101568162e6383f92f7c34f4116915375e4",
        "type": "github"
      },
      "original": {
        "owner": "anthropics",
        "repo": "claude-plugins-official",
        "type": "github"
      }
    },
    "double-agent": {
      "inputs": {
        "flake-utils": [
          "flake-utils"
        ],
        "nixpkgs": [
          "nixpkgs-unstable"
        ]
      },
      "locked": {
        "lastModified": 1768259313,
        "narHash": "sha256-3zHn/KnTI0oaBzhbhqtny9pnDT+/f2xsVDdWglsQse4=",
        "owner": "phinze",
        "repo": "double-agent",
        "rev": "539c4c3d402404cc0ac6118d3ced7cd5fbecd832",
        "type": "github"
      },
      "original": {
        "owner": "phinze",
        "repo": "double-agent",
        "type": "github"
      }
    },
    "flake-parts": {
      "inputs": {
        "nixpkgs-lib": "nixpkgs-lib"
      },
      "locked": {
        "lastModified": 1762980239,
        "narHash": "sha256-8oNVE8TrD19ulHinjaqONf9QWCKK+w4url56cdStMpM=",
        "owner": "hercules-ci",
        "repo": "flake-parts",
        "rev": "52a2caecc898d0b46b2b905f058ccc5081f842da",
        "type": "github"
      },
      "original": {
        "owner": "hercules-ci",
        "repo": "flake-parts",
        "type": "github"
      }
    },
    "flake-parts_2": {
      "inputs": {
        "nixpkgs-lib": [
          "nixvim-config",
          "nixvim",
          "nixpkgs"
        ]
      },
      "locked": {
        "lastModified": 1762980239,
        "narHash": "sha256-8oNVE8TrD19ulHinjaqONf9QWCKK+w4url56cdStMpM=",
        "owner": "hercules-ci",
        "repo": "flake-parts",
        "rev": "52a2caecc898d0b46b2b905f058ccc5081f842da",
        "type": "github"
      },
      "original": {
        "owner": "hercules-ci",
        "repo": "flake-parts",
        "type": "github"
      }
    },
    "flake-utils": {
      "inputs": {
        "systems": "systems"
      },
      "locked": {
        "lastModified": 1731533236,
        "narHash": "sha256-l0KFg5HjrsfsO/JpG+r7fRrqm12kzFHyUHqHCVpMMbI=",
        "owner": "numtide",
        "repo": "flake-utils",
        "rev": "11707dc2f618dd54ca8739b309ec4fc024de578b",
        "type": "github"
      },
      "original": {
        "owner": "numtide",
        "repo": "flake-utils",
        "type": "github"
      }
    },
    "flake-utils_2": {
      "inputs": {
        "systems": [
          "systems"
        ]
      },
      "locked": {
        "lastModified": 1731533236,
        "narHash": "sha256-l0KFg5HjrsfsO/JpG+r7fRrqm12kzFHyUHqHCVpMMbI=",
        "owner": "numtide",
        "repo": "flake-utils",
        "rev": "11707dc2f618dd54ca8739b309ec4fc024de578b",
        "type": "github"
      },
      "original": {
        "owner": "numtide",
        "repo": "flake-utils",
        "type": "github"
      }
    },
    "flake-utils_3": {
      "inputs": {
        "systems": "systems_2"
      },
      "locked": {
        "lastModified": 1731533236,
        "narHash": "sha256-l0KFg5HjrsfsO/JpG+r7fRrqm12kzFHyUHqHCVpMMbI=",
        "owner": "numtide",
        "repo": "flake-utils",
        "rev": "11707dc2f618dd54ca8739b309ec4fc024de578b",
        "type": "github"
      },
      "original": {
        "owner": "numtide",
        "repo": "flake-utils",
        "type": "github"
      }
    },
    "flake-utils_4": {
      "inputs": {
        "systems": "systems_3"
      },
      "locked": {
        "lastModified": 1731533236,
        "narHash": "sha256-l0KFg5HjrsfsO/JpG+r7fRrqm12kzFHyUHqHCVpMMbI=",
        "owner": "numtide",
        "repo": "flake-utils",
        "rev": "11707dc2f618dd54ca8739b309ec4fc024de578b",
        "type": "github"
      },
      "original": {
        "owner": "numtide",
        "repo": "flake-utils",
        "type": "github"
      }
    },
    "home-manager": {
      "inputs": {
        "nixpkgs": [
          "nixpkgs"
        ]
      },
      "locked": {
        "lastModified": 1757808926,
        "narHash": "sha256-K6PEI5PYY94TVMH0mX3MbZNYFme7oNRKml/85BpRRAo=",
        "owner": "nix-community",
        "repo": "home-manager",
        "rev": "f21d9167782c086a33ad53e2311854a8f13c281e",
        "type": "github"
      },
      "original": {
        "owner": "nix-community",
        "ref": "release-25.05",
        "repo": "home-manager",
        "type": "github"
      }
    },
    "iso": {
      "inputs": {
        "flake-utils": "flake-utils_3",
        "nixpkgs": "nixpkgs",
        "quake": "quake"
      },
      "locked": {
        "lastModified": 1770168027,
        "narHash": "sha256-FSfCPAGatPrqgshS/SvhYoLK2OQcZCuVzrZAen/C0t0=",
        "ref": "refs/heads/main",
        "rev": "c3fd9418b1b8506fb2f61a1a7d9a196d2897dca4",
        "revCount": 65,
        "type": "git",
        "url": "https://github.com/mirendev/iso.git"
      },
      "original": {
        "type": "git",
        "url": "https://github.com/mirendev/iso.git"
      }
    },
    "ixx": {
      "inputs": {
        "flake-utils": [
          "nixvim-config",
          "nixvim",
          "nuschtosSearch",
          "flake-utils"
        ],
        "nixpkgs": [
          "nixvim-config",
          "nixvim",
          "nuschtosSearch",
          "nixpkgs"
        ]
      },
      "locked": {
        "lastModified": 1754860581,
        "narHash": "sha256-EM0IE63OHxXCOpDHXaTyHIOk2cNvMCGPqLt/IdtVxgk=",
        "owner": "NuschtOS",
        "repo": "ixx",
        "rev": "babfe85a876162c4acc9ab6fb4483df88fa1f281",
        "type": "github"
      },
      "original": {
        "owner": "NuschtOS",
        "ref": "v0.1.1",
        "repo": "ixx",
        "type": "github"
      }
    },
    "multipass-src": {
      "flake": false,
      "locked": {
        "lastModified": 1770938156,
        "narHash": "sha256-GKrGfNrWtC+xrBoixM8Sed7QrKlT8LIdNi3HX/iGGVU=",
        "ref": "refs/heads/main",
        "rev": "52b2880e6c36224d7571d2e3df7badccf5a5f8ea",
        "revCount": 14,
        "type": "git",
        "url": "https://github.com/mirendev/multipass.git"
      },
      "original": {
        "type": "git",
        "url": "https://github.com/mirendev/multipass.git"
      }
    },
    "nix-darwin": {
      "inputs": {
        "nixpkgs": [
          "nixpkgs"
        ]
      },
      "locked": {
        "lastModified": 1757432263,
        "narHash": "sha256-qHn+/0+IOz5cG68BZUwL9BV3EO/e9eNKCjH3+N7wMdI=",
        "owner": "LnL7",
        "repo": "nix-darwin",
        "rev": "1fef4404de4d1596aa5ab2bd68078370e1b9dcdb",
        "type": "github"
      },
      "original": {
        "owner": "LnL7",
        "ref": "nix-darwin-25.05",
        "repo": "nix-darwin",
        "type": "github"
      }
    },
    "nix-index-database": {
      "inputs": {
        "nixpkgs": [
          "nixpkgs"
        ]
      },
      "locked": {
        "lastModified": 1757822619,
        "narHash": "sha256-3HIpe3P2h1AUPYcAH9cjuX0tZOqJpX01c0iDwoUYNZ8=",
        "owner": "nix-community",
        "repo": "nix-index-database",
        "rev": "050a5feb5d1bb5b6e5fc04a7d3d816923a87c9ea",
        "type": "github"
      },
      "original": {
        "owner": "nix-community",
        "repo": "nix-index-database",
        "type": "github"
      }
    },
    "nixos-hardware": {
      "locked": {
        "lastModified": 1757943327,
        "narHash": "sha256-w6cDExPBqbq7fTLo4dZ1ozDGeq3yV6dSN4n/sAaS6OM=",
        "owner": "NixOS",
        "repo": "nixos-hardware",
        "rev": "67a709cfe5d0643dafd798b0b613ed579de8be05",
        "type": "github"
      },
      "original": {
        "owner": "NixOS",
        "ref": "master",
        "repo": "nixos-hardware",
        "type": "github"
      }
    },
    "nixpkgs": {
      "locked": {
        "lastModified": 1763622513,
        "narHash": "sha256-1jQnuyu82FpiSxowrF/iFK6Toh9BYprfDqfs4BB+19M=",
        "owner": "NixOS",
        "repo": "nixpkgs",
        "rev": "c58bc7f5459328e4afac201c5c4feb7c818d604b",
        "type": "github"
      },
      "original": {
        "owner": "NixOS",
        "ref": "nixos-25.05",
        "repo": "nixpkgs",
        "type": "github"
      }
    },
    "nixpkgs-lib": {
      "locked": {
        "lastModified": 1761765539,
        "narHash": "sha256-b0yj6kfvO8ApcSE+QmA6mUfu8IYG6/uU28OFn4PaC8M=",
        "owner": "nix-community",
        "repo": "nixpkgs.lib",
        "rev": "719359f4562934ae99f5443f20aa06c2ffff91fc",
        "type": "github"
      },
      "original": {
        "owner": "nix-community",
        "repo": "nixpkgs.lib",
        "type": "github"
      }
    },
    "nixpkgs-unstable": {
      "locked": {
        "lastModified": 1763283776,
        "narHash": "sha256-Y7TDFPK4GlqrKrivOcsHG8xSGqQx3A6c+i7novT85Uk=",
        "owner": "nixos",
        "repo": "nixpkgs",
        "rev": "50a96edd8d0db6cc8db57dab6bb6d6ee1f3dc49a",
        "type": "github"
      },
      "original": {
        "owner": "nixos",
        "ref": "nixos-unstable",
        "repo": "nixpkgs",
        "type": "github"
      }
    },
    "nixpkgs_2": {
      "locked": {
        "lastModified": 1757810152,
        "narHash": "sha256-Vp9K5ol6h0J90jG7Rm4RWZsCB3x7v5VPx588TQ1dkfs=",
        "owner": "nixos",
        "repo": "nixpkgs",
        "rev": "9a094440e02a699be5c57453a092a8baf569bdad",
        "type": "github"
      },
      "original": {
        "owner": "nixos",
        "ref": "nixos-25.05",
        "repo": "nixpkgs",
        "type": "github"
      }
    },
    "nixpkgs_3": {
      "locked": {
        "lastModified": 1763464769,
        "narHash": "sha256-AJHrsT7VoeQzErpBRlLJM1SODcaayp0joAoEA35yiwM=",
        "owner": "NixOS",
        "repo": "nixpkgs",
        "rev": "6f374686605df381de8541c072038472a5ea2e2d",
        "type": "github"
      },
      "original": {
        "owner": "NixOS",
        "ref": "nixpkgs-unstable",
        "repo": "nixpkgs",
        "type": "github"
      }
    },
    "nixvim": {
      "inputs": {
        "flake-parts": "flake-parts_2",
        "nixpkgs": "nixpkgs_3",
        "nuschtosSearch": "nuschtosSearch",
        "systems": "systems_4"
      },
      "locked": {
        "lastModified": 1763672230,
        "narHash": "sha256-JfC6xxWbyGvETBGeY9hisfzmXy1OS8HATavLazZHYOc=",
        "owner": "nix-community",
        "repo": "nixvim",
        "rev": "695b0b80f8452bc584adf23eb58bdc9f599e35eb",
        "type": "github"
      },
      "original": {
        "owner": "nix-community",
        "repo": "nixvim",
        "type": "github"
      }
    },
    "nixvim-config": {
      "inputs": {
        "flake-parts": "flake-parts",
        "nixpkgs": [
          "nixpkgs-unstable"
        ],
        "nixvim": "nixvim"
      },
      "locked": {
        "lastModified": 1769703012,
        "narHash": "sha256-Xh0DWdqvLLK8nFhhdTQPoW0IiqiOY45yQ2wjorbPp7I=",
        "owner": "phinze",
        "repo": "nixvim-config",
        "rev": "6b60d4c99accdb07087529a53fe18c49cbd10c00",
        "type": "github"
      },
      "original": {
        "owner": "phinze",
        "repo": "nixvim-config",
        "type": "github"
      }
    },
    "nuschtosSearch": {
      "inputs": {
        "flake-utils": "flake-utils_4",
        "ixx": "ixx",
        "nixpkgs": [
          "nixvim-config",
          "nixvim",
          "nixpkgs"
        ]
      },
      "locked": {
        "lastModified": 1761730856,
        "narHash": "sha256-t1i5p/vSWwueZSC0Z2BImxx3BjoUDNKyC2mk24krcMY=",
        "owner": "NuschtOS",
        "repo": "search",
        "rev": "e29de6db0cb3182e9aee75a3b1fd1919d995d85b",
        "type": "github"
      },
      "original": {
        "owner": "NuschtOS",
        "repo": "search",
        "type": "github"
      }
    },
    "quake": {
      "inputs": {
        "flake-utils": [
          "iso",
          "flake-utils"
        ],
        "nixpkgs": [
          "iso",
          "nixpkgs"
        ]
      },
      "locked": {
        "lastModified": 1762192513,
        "narHash": "sha256-3DlNs3ZTd7XuGL6U5SuvQVI6eYDESAMQeF0d+0hmgxk=",
        "owner": "mirendev",
        "repo": "quake",
        "rev": "f40fd00e066b6561b7058dcb4f3443d3a28e4442",
        "type": "github"
      },
      "original": {
        "owner": "mirendev",
        "repo": "quake",
        "type": "github"
      }
    },
    "root": {
      "inputs": {
        "bankshot": "bankshot",
        "camlink-fix": "camlink-fix",
        "claude-code-nix": "claude-code-nix",
        "claude-desktop": "claude-desktop",
        "claude-plugin-coderabbit": "claude-plugin-coderabbit",
        "claude-plugins-official": "claude-plugins-official",
        "double-agent": "double-agent",
        "flake-utils": "flake-utils_2",
        "home-manager": "home-manager",
        "iso": "iso",
        "multipass-src": "multipass-src",
        "nix-darwin": "nix-darwin",
        "nix-index-database": "nix-index-database",
        "nixos-hardware": "nixos-hardware",
        "nixpkgs": "nixpkgs_2",
        "nixpkgs-unstable": "nixpkgs-unstable",
        "nixvim-config": "nixvim-config",
        "sophon": "sophon",
        "systems": "systems_5",
        "zen-browser": "zen-browser"
      }
    },
    "sophon": {
      "inputs": {
        "flake-utils": [
          "flake-utils"
        ],
        "nixpkgs": [
          "nixpkgs-unstable"
        ]
      },
      "locked": {
        "lastModified": 1771273294,
        "narHash": "sha256-3xFoW0gKpcY3+W8dBlMqNEfj4aMfWAztMHTunuRVS/A=",
        "owner": "phinze",
        "repo": "sophon",
        "rev": "a94959704189009225c84c800c5d65459657e00e",
        "type": "github"
      },
      "original": {
        "owner": "phinze",
        "repo": "sophon",
        "type": "github"
      }
    },
    "systems": {
      "locked": {
        "lastModified": 1681028828,
        "narHash": "sha256-Vy1rq5AaRuLzOxct8nz4T6wlgyUR7zLU309k9mBC768=",
        "owner": "nix-systems",
        "repo": "default",
        "rev": "da67096a3b9bf56a91d16901293e51ba5b49a27e",
        "type": "github"
      },
      "original": {
        "owner": "nix-systems",
        "repo": "default",
        "type": "github"
      }
    },
    "systems_2": {
      "locked": {
        "lastModified": 1681028828,
        "narHash": "sha256-Vy1rq5AaRuLzOxct8nz4T6wlgyUR7zLU309k9mBC768=",
        "owner": "nix-systems",
        "repo": "default",
        "rev": "da67096a3b9bf56a91d16901293e51ba5b49a27e",
        "type": "github"
      },
      "original": {
        "owner": "nix-systems",
        "repo": "default",
        "type": "github"
      }
    },
    "systems_3": {
      "locked": {
        "lastModified": 1681028828,
        "narHash": "sha256-Vy1rq5AaRuLzOxct8nz4T6wlgyUR7zLU309k9mBC768=",
        "owner": "nix-systems",
        "repo": "default",
        "rev": "da67096a3b9bf56a91d16901293e51ba5b49a27e",
        "type": "github"
      },
      "original": {
        "owner": "nix-systems",
        "repo": "default",
        "type": "github"
      }
    },
    "systems_4": {
      "locked": {
        "lastModified": 1681028828,
        "narHash": "sha256-Vy1rq5AaRuLzOxct8nz4T6wlgyUR7zLU309k9mBC768=",
        "owner": "nix-systems",
        "repo": "default",
        "rev": "da67096a3b9bf56a91d16901293e51ba5b49a27e",
        "type": "github"
      },
      "original": {
        "owner": "nix-systems",
        "repo": "default",
        "type": "github"
      }
    },
    "systems_5": {
      "locked": {
        "lastModified": 1681028828,
        "narHash": "sha256-Vy1rq5AaRuLzOxct8nz4T6wlgyUR7zLU309k9mBC768=",
        "owner": "nix-systems",
        "repo": "default",
        "rev": "da67096a3b9bf56a91d16901293e51ba5b49a27e",
        "type": "github"
      },
      "original": {
        "owner": "nix-systems",
        "repo": "default",
        "type": "github"
      }
    },
    "zen-browser": {
      "inputs": {
        "nixpkgs": [
          "nixpkgs-unstable"
        ]
      },
      "locked": {
        "lastModified": 1757296118,
        "narHash": "sha256-RfxY9swAcQYSjoHIj5SmnLICu9MtT0bZyvazJw6fvBc=",
        "owner": "FBIGlowie",
        "repo": "zen-browser-flake",
        "rev": "8283d4884c519015f1c13c8b9f3bfdecad042d38",
        "type": "github"
      },
      "original": {
        "owner": "FBIGlowie",
        "repo": "zen-browser-flake",
        "type": "github"
      }
    }
  },
  "root": "root",
  "version": 7
}
